{
  "name": "roc-esbuild",
  "version": "1.0.0",
  "lockfileVersion": 2,
  "requires": true,
  "packages": {
    "": {
      "name": "roc-esbuild",
      "version": "1.0.0",
      "license": "UPL-1.0",
      "optionalDependencies": {
        "roc-lang": "^0.0.0-2023-05-31-nightly-modified-linux"
      }
    },
    "node_modules/@roc-installer-assets/darwin_arm64": {
      "version": "0.0.0-2023-05-31-nightly",
      "resolved": "https://registry.npmjs.org/@roc-installer-assets/darwin_arm64/-/darwin_arm64-0.0.0-2023-05-31-nightly.tgz",
      "integrity": "sha512-3FleYI33O3p4x1RGnFdaru3ufRiL6TqiPwHpmwbhS8bQ7d7xbZhcjBs2fYNEOviJoby6DREnN0LtAOjGu0AlNg==",
      "cpu": [
        "arm64"
      ],
      "optional": true,
      "os": [
        "darwin"
      ]
    },
    "node_modules/@roc-installer-assets/darwin_x64": {
      "version": "0.0.0-2023-05-31-nightly",
      "resolved": "https://registry.npmjs.org/@roc-installer-assets/darwin_x64/-/darwin_x64-0.0.0-2023-05-31-nightly.tgz",
      "integrity": "sha512-ndrcR7fZLE+EkYzEDxIJiI5910xfWGfBlLrNDv4JwEZt8wWOCHRLmlm8aHHh8zi/+VtZ1Pak3Lz8ey0kjOS4/w==",
      "cpu": [
        "x64"
      ],
      "optional": true,
      "os": [
        "darwin"
      ]
    },
    "node_modules/@roc-installer-assets/linux_x64": {
      "version": "0.0.0-353da5c0c7aa52338354ff80189184b44722d53f",
      "resolved": "https://registry.npmjs.org/@roc-installer-assets/linux_x64/-/linux_x64-0.0.0-353da5c0c7aa52338354ff80189184b44722d53f.tgz",
      "integrity": "sha512-0C7AyRdFiWaT3O1QY2zled1F4ggibAiAjp2rXVWNqX+myOxYYb+ebc9utCuI7oD2NeDOom/p8poAmhTUlcT3ag==",
      "cpu": [
        "x64"
      ],
      "optional": true,
      "os": [
        "linux"
      ]
    },
    "node_modules/roc-lang": {
      "version": "0.0.0-2023-05-31-nightly-modified-linux",
      "resolved": "https://registry.npmjs.org/roc-lang/-/roc-lang-0.0.0-2023-05-31-nightly-modified-linux.tgz",
      "integrity": "sha512-aYPJ0OAnZwUQefD4DpNzto8+deLa8/cctH+iIR0yDkCsg4st5XYjsownNGfwEV6CshQ5bCrk4LgOiweSsWuhAA==",
      "hasInstallScript": true,
      "optional": true,
      "bin": {
        "roc": "bin/roc"
      },
      "optionalDependencies": {
        "@roc-installer-assets/darwin_arm64": "0.0.0-2023-05-31-nightly",
        "@roc-installer-assets/darwin_x64": "0.0.0-2023-05-31-nightly",
        "@roc-installer-assets/linux_x64": "0.0.0-353da5c0c7aa52338354ff80189184b44722d53f"
      }
    }
  },
  "dependencies": {
    "@roc-installer-assets/darwin_arm64": {
      "version": "0.0.0-2023-05-31-nightly",
      "resolved": "https://registry.npmjs.org/@roc-installer-assets/darwin_arm64/-/darwin_arm64-0.0.0-2023-05-31-nightly.tgz",
      "integrity": "sha512-3FleYI33O3p4x1RGnFdaru3ufRiL6TqiPwHpmwbhS8bQ7d7xbZhcjBs2fYNEOviJoby6DREnN0LtAOjGu0AlNg==",
      "optional": true
    },
    "@roc-installer-assets/darwin_x64": {
      "version": "0.0.0-2023-05-31-nightly",
      "resolved": "https://registry.npmjs.org/@roc-installer-assets/darwin_x64/-/darwin_x64-0.0.0-2023-05-31-nightly.tgz",
      "integrity": "sha512-ndrcR7fZLE+EkYzEDxIJiI5910xfWGfBlLrNDv4JwEZt8wWOCHRLmlm8aHHh8zi/+VtZ1Pak3Lz8ey0kjOS4/w==",
      "optional": true
    },
    "@roc-installer-assets/linux_x64": {
      "version": "0.0.0-353da5c0c7aa52338354ff80189184b44722d53f",
      "resolved": "https://registry.npmjs.org/@roc-installer-assets/linux_x64/-/linux_x64-0.0.0-353da5c0c7aa52338354ff80189184b44722d53f.tgz",
      "integrity": "sha512-0C7AyRdFiWaT3O1QY2zled1F4ggibAiAjp2rXVWNqX+myOxYYb+ebc9utCuI7oD2NeDOom/p8poAmhTUlcT3ag==",
      "optional": true
    },
    "roc-lang": {
      "version": "0.0.0-2023-05-31-nightly-modified-linux",
      "resolved": "https://registry.npmjs.org/roc-lang/-/roc-lang-0.0.0-2023-05-31-nightly-modified-linux.tgz",
      "integrity": "sha512-aYPJ0OAnZwUQefD4DpNzto8+deLa8/cctH+iIR0yDkCsg4st5XYjsownNGfwEV6CshQ5bCrk4LgOiweSsWuhAA==",
      "optional": true,
      "requires": {
        "@roc-installer-assets/darwin_arm64": "0.0.0-2023-05-31-nightly",
        "@roc-installer-assets/darwin_x64": "0.0.0-2023-05-31-nightly",
        "@roc-installer-assets/linux_x64": "0.0.0-353da5c0c7aa52338354ff80189184b44722d53f"
      }
    }
  }
}
